Microsoft Visual Studio Solution File, Format Version 12.00
# Visual Studio Version 17
VisualStudioVersion = 17.5.2.0
MinimumVisualStudioVersion = 10.0.40219.1
Project("{FAE04EC0-301F-11D3-BF4B-00C04F79EFBC}") = "TodoApp-backend", "todoapp-backend-api-main\TodoApp-backend.csproj", "{22ABCB57-853C-9513-7193-A8A975084115}"
EndProject
Project("{2150E333-8FDC-42A3-9474-1A3956D46DE8}") = "todoapp-backend-api-main", "todoapp-backend-api-main", "{710943A2-D0FA-F4BE-EFBB-C9BBE9C272DC}"
EndProject
Project("{FAE04EC0-301F-11D3-BF4B-00C04F79EFBC}") = "TodoApp-backend.Tests", "todoapp-backend-api-main\TodoApp-backend.Tests\TodoApp-backend.Tests.csproj", "{AF8142ED-3A8E-10C8-7808-1A0464037256}"
EndProject
Global
	GlobalSection(SolutionConfigurationPlatforms) = preSolution
		Debug|Any CPU = Debug|Any CPU
		Release|Any CPU = Release|Any CPU
	EndGlobalSection
	GlobalSection(ProjectConfigurationPlatforms) = postSolution
		{22ABCB57-853C-9513-7193-A8A975084115}.Debug|Any CPU.ActiveCfg = Debug|Any CPU
		{22ABCB57-853C-9513-7193-A8A975084115}.Debug|Any CPU.Build.0 = Debug|Any CPU
		{22ABCB57-853C-9513-7193-A8A975084115}.Release|Any CPU.ActiveCfg = Release|Any CPU
		{22ABCB57-853C-9513-7193-A8A975084115}.Release|Any CPU.Build.0 = Release|Any CPU
		{AF8142ED-3A8E-10C8-7808-1A0464037256}.Debug|Any CPU.ActiveCfg = Debug|Any CPU
		{AF8142ED-3A8E-10C8-7808-1A0464037256}.Debug|Any CPU.Build.0 = Debug|Any CPU
		{AF8142ED-3A8E-10C8-7808-1A0464037256}.Release|Any CPU.ActiveCfg = Release|Any CPU
		{AF8142ED-3A8E-10C8-7808-1A0464037256}.Release|Any CPU.Build.0 = Release|Any CPU
	EndGlobalSection
	GlobalSection(SolutionProperties) = preSolution
		HideSolutionNode = FALSE
	EndGlobalSection
	GlobalSection(NestedProjects) = preSolution
		{AF8142ED-3A8E-10C8-7808-1A0464037256} = {710943A2-D0FA-F4BE-EFBB-C9BBE9C272DC}
	EndGlobalSection
	GlobalSection(ExtensibilityGlobals) = postSolution
		SolutionGuid = {C417FD95-E6DA-4760-9AD8-C3AA83EE2D02}
	EndGlobalSection
EndGlobal
